
Microsoft Visual Studio Solution File, Format Version 12.00
# Visual Studio 15
VisualStudioVersion = 15.0.28010.2041
MinimumVisualStudioVersion = 10.0.40219.1
Project("{FAE04EC0-301F-11D3-BF4B-00C04F79EFBC}") = "CalculatorApp", "CalculatorApp\CalculatorApp.csproj", "{13A27F76-2867-4AC4-901E-DA31177FC58C}"
EndProject
Global
	GlobalSection(SolutionConfigurationPlatforms) = preSolution
		Debug|Any CPU = Debug|Any CPU
		Release|Any CPU = Release|Any CPU
	EndGlobalSection
	GlobalSection(ProjectConfigurationPlatforms) = postSolution
		{13A27F76-2867-4AC4-901E-DA31177FC58C}.Debug|Any CPU.ActiveCfg = Debug|Any CPU
		{13A27F76-2867-4AC4-901E-DA31177FC58C}.Debug|Any CPU.Build.0 = Debug|Any CPU
		{13A27F76-2867-4AC4-901E-DA31177FC58C}.Release|Any CPU.ActiveCfg = Release|Any CPU
		{13A27F76-2867-4AC4-901E-DA31177FC58C}.Release|Any CPU.Build.0 = Release|Any CPU
	EndGlobalSection
	GlobalSection(SolutionProperties) = preSolution
		HideSolutionNode = FALSE
	EndGlobalSection
	GlobalSection(ExtensibilityGlobals) = postSolution
		SolutionGuid = {8525B31A-FB69-4E4B-B703-301BCAC2806C}
	EndGlobalSection
EndGlobal
